
Microsoft Visual Studio Solution File, Format Version 12.00
# Visual Studio Version 16
VisualStudioVersion = 16.0.30907.101
MinimumVisualStudioVersion = 10.0.40219.1
Project("{FAE04EC0-301F-11D3-BF4B-00C04F79EFBC}") = "Hahn.ApplicatonProcess.Application", "Hahn.ApplicatonProcess.Application\Hahn.ApplicatonProcess.Application.csproj", "{890458FB-D6DF-4585-8D99-184CF202A6CD}"
EndProject
Project("{FAE04EC0-301F-11D3-BF4B-00C04F79EFBC}") = "Hahn.ApplicatonProcess.December2020.Data", "Hahn.ApplicatonProcess.December2020.Data\Hahn.ApplicatonProcess.December2020.Data.csproj", "{63460E9D-00B6-4A1F-A5D9-BFAD492A893B}"
EndProject
Project("{FAE04EC0-301F-11D3-BF4B-00C04F79EFBC}") = "Hahn.ApplicatonProcess.December2020.Domain", "Hahn.ApplicatonProcess.December2020.Domain\Hahn.ApplicatonProcess.December2020.Domain.csproj", "{ACEE7F02-DDF2-4289-9396-1E4D3D3D0018}"
EndProject
Project("{2150E333-8FDC-42A3-9474-1A3956D46DE8}") = "DAL", "DAL", "{EC86CC1C-91DE-471B-B06E-BDDF872CE52C}"
EndProject
Project("{2150E333-8FDC-42A3-9474-1A3956D46DE8}") = "BL", "BL", "{2050FBB7-5F77-4FB2-8DEB-B9B7EBD2EC86}"
EndProject
Project("{2150E333-8FDC-42A3-9474-1A3956D46DE8}") = "Shared", "Shared", "{9F98D4C6-8B31-467C-A663-04A6B298790E}"
EndProject
Project("{FAE04EC0-301F-11D3-BF4B-00C04F79EFBC}") = "Hahn.ApplicatonProcess.December2020.Shared", "Hahn.ApplicatonProcess.December2020.Shared\Hahn.ApplicatonProcess.December2020.Shared.csproj", "{DBB9B701-F19D-4855-BB92-5A9DAABA39B1}"
EndProject
Project("{FAE04EC0-301F-11D3-BF4B-00C04F79EFBC}") = "Hahn.ApplicatonProcess.December2020.Services", "Hahn.ApplicatonProcess.December2020.Services\Hahn.ApplicatonProcess.December2020.Services.csproj", "{D11754E8-8124-42BF-AE20-498E866A88BA}"
EndProject
Global
	GlobalSection(SolutionConfigurationPlatforms) = preSolution
		Debug|Any CPU = Debug|Any CPU
		Release|Any CPU = Release|Any CPU
	EndGlobalSection
	GlobalSection(ProjectConfigurationPlatforms) = postSolution
		{890458FB-D6DF-4585-8D99-184CF202A6CD}.Debug|Any CPU.ActiveCfg = Debug|Any CPU
		{890458FB-D6DF-4585-8D99-184CF202A6CD}.Debug|Any CPU.Build.0 = Debug|Any CPU
		{890458FB-D6DF-4585-8D99-184CF202A6CD}.Release|Any CPU.ActiveCfg = Release|Any CPU
		{890458FB-D6DF-4585-8D99-184CF202A6CD}.Release|Any CPU.Build.0 = Release|Any CPU
		{63460E9D-00B6-4A1F-A5D9-BFAD492A893B}.Debug|Any CPU.ActiveCfg = Debug|Any CPU
		{63460E9D-00B6-4A1F-A5D9-BFAD492A893B}.Debug|Any CPU.Build.0 = Debug|Any CPU
		{63460E9D-00B6-4A1F-A5D9-BFAD492A893B}.Release|Any CPU.ActiveCfg = Release|Any CPU
		{63460E9D-00B6-4A1F-A5D9-BFAD492A893B}.Release|Any CPU.Build.0 = Release|Any CPU
		{ACEE7F02-DDF2-4289-9396-1E4D3D3D0018}.Debug|Any CPU.ActiveCfg = Debug|Any CPU
		{ACEE7F02-DDF2-4289-9396-1E4D3D3D0018}.Debug|Any CPU.Build.0 = Debug|Any CPU
		{ACEE7F02-DDF2-4289-9396-1E4D3D3D0018}.Release|Any CPU.ActiveCfg = Release|Any CPU
		{ACEE7F02-DDF2-4289-9396-1E4D3D3D0018}.Release|Any CPU.Build.0 = Release|Any CPU
		{DBB9B701-F19D-4855-BB92-5A9DAABA39B1}.Debug|Any CPU.ActiveCfg = Debug|Any CPU
		{DBB9B701-F19D-4855-BB92-5A9DAABA39B1}.Debug|Any CPU.Build.0 = Debug|Any CPU
		{DBB9B701-F19D-4855-BB92-5A9DAABA39B1}.Release|Any CPU.ActiveCfg = Release|Any CPU
		{DBB9B701-F19D-4855-BB92-5A9DAABA39B1}.Release|Any CPU.Build.0 = Release|Any CPU
		{D11754E8-8124-42BF-AE20-498E866A88BA}.Debug|Any CPU.ActiveCfg = Debug|Any CPU
		{D11754E8-8124-42BF-AE20-498E866A88BA}.Debug|Any CPU.Build.0 = Debug|Any CPU
		{D11754E8-8124-42BF-AE20-498E866A88BA}.Release|Any CPU.ActiveCfg = Release|Any CPU
		{D11754E8-8124-42BF-AE20-498E866A88BA}.Release|Any CPU.Build.0 = Release|Any CPU
	EndGlobalSection
	GlobalSection(SolutionProperties) = preSolution
		HideSolutionNode = FALSE
	EndGlobalSection
	GlobalSection(NestedProjects) = preSolution
		{63460E9D-00B6-4A1F-A5D9-BFAD492A893B} = {EC86CC1C-91DE-471B-B06E-BDDF872CE52C}
		{ACEE7F02-DDF2-4289-9396-1E4D3D3D0018} = {EC86CC1C-91DE-471B-B06E-BDDF872CE52C}
		{DBB9B701-F19D-4855-BB92-5A9DAABA39B1} = {9F98D4C6-8B31-467C-A663-04A6B298790E}
		{D11754E8-8124-42BF-AE20-498E866A88BA} = {2050FBB7-5F77-4FB2-8DEB-B9B7EBD2EC86}
	EndGlobalSection
	GlobalSection(ExtensibilityGlobals) = postSolution
		SolutionGuid = {374593F0-086F-4F92-A777-BFD833419241}
	EndGlobalSection
EndGlobal
